
Microsoft Visual Studio Solution File, Format Version 12.00
# Visual Studio Version 17
VisualStudioVersion = 17.14.36811.4 d17.14
MinimumVisualStudioVersion = 10.0.40219.1
Project("{FAE04EC0-301F-11D3-BF4B-00C04F79EFBC}") = "DocumentoElectronico", "DocumentoElectronico.csproj", "{F55299D7-98A1-4262-9409-E918CAA03D7C}"
EndProject
Global
	GlobalSection(SolutionConfigurationPlatforms) = preSolution
		Debug|Any CPU = Debug|Any CPU
		Release|Any CPU = Release|Any CPU
	EndGlobalSection
	GlobalSection(ProjectConfigurationPlatforms) = postSolution
		{F55299D7-98A1-4262-9409-E918CAA03D7C}.Debug|Any CPU.ActiveCfg = Debug|Any CPU
		{F55299D7-98A1-4262-9409-E918CAA03D7C}.Debug|Any CPU.Build.0 = Debug|Any CPU
		{F55299D7-98A1-4262-9409-E918CAA03D7C}.Release|Any CPU.ActiveCfg = Release|Any CPU
		{F55299D7-98A1-4262-9409-E918CAA03D7C}.Release|Any CPU.Build.0 = Release|Any CPU
	EndGlobalSection
	GlobalSection(SolutionProperties) = preSolution
		HideSolutionNode = FALSE
	EndGlobalSection
	GlobalSection(ExtensibilityGlobals) = postSolution
		SolutionGuid = {ECB23BD2-385F-4CC0-911B-0A78CA5B2C70}
	EndGlobalSection
EndGlobal
